Microsoft Visual Studio Solution File, Format Version 12.00
# Visual Studio Version 17
VisualStudioVersion = 17.5.2.0
MinimumVisualStudioVersion = 10.0.40219.1
Project("{FAE04EC0-301F-11D3-BF4B-00C04F79EFBC}") = "BookCatalogAPI", "BookCatalogAPI.csproj", "{B8CB976F-866F-44B1-5E45-968C0312C9DD}"
EndProject
Global
	GlobalSection(SolutionConfigurationPlatforms) = preSolution
		Debug|Any CPU = Debug|Any CPU
		Release|Any CPU = Release|Any CPU
	EndGlobalSection
	GlobalSection(ProjectConfigurationPlatforms) = postSolution
		{B8CB976F-866F-44B1-5E45-968C0312C9DD}.Debug|Any CPU.ActiveCfg = Debug|Any CPU
		{B8CB976F-866F-44B1-5E45-968C0312C9DD}.Debug|Any CPU.Build.0 = Debug|Any CPU
		{B8CB976F-866F-44B1-5E45-968C0312C9DD}.Release|Any CPU.ActiveCfg = Release|Any CPU
		{B8CB976F-866F-44B1-5E45-968C0312C9DD}.Release|Any CPU.Build.0 = Release|Any CPU
	EndGlobalSection
	GlobalSection(SolutionProperties) = preSolution
		HIdeSolutionNode = FALSE
	EndGlobalSection
	GlobalSection(ExtensibilityGlobals) = postSolution
		SolutionGuId = {AFA50E8F-8BC2-490E-A86C-2133B4AD7B34}
	EndGlobalSection
EndGlobal
